{
  "version": 4,
  "terraform_version": "0.14.4",
  "serial": 29,
  "lineage": "341a421c-d96f-c44a-a48c-e35fbdb3d511",
  "outputs": {},
  "resources": [
    {
      "mode": "data",
      "type": "template_file",
      "name": "network_data",
      "provider": "provider[\"registry.terraform.io/hashicorp/template\"]",
      "instances": [
        {
          "schema_version": 0,
          "attributes": {
            "filename": null,
            "id": "76e909434481e60cee1fd89c6b8f7241855e6668d3c7bf5b0a6cd0bd6128f125",
            "rendered": "#cloud-config\n# configuracion de red\nversion: 2\nethernets:\n  ens3:\n    dhcp4: false\n    dhcp6: false\n    addresses: [ 192.168.23.100/24 ] \n    gateway4: 192.168.23.1\n    nameservers:\n      addresses: [ 192.168.1.200 ]\n    search: [ 'frontend.lab' ]\n",
            "template": "#cloud-config\n# configuracion de red\nversion: 2\nethernets:\n  ens3:\n    dhcp4: false\n    dhcp6: false\n    addresses: [ 192.168.23.100/24 ] \n    gateway4: 192.168.23.1\n    nameservers:\n      addresses: [ 192.168.1.200 ]\n    search: [ 'frontend.lab' ]\n",
            "vars": null
          },
          "sensitive_attributes": []
        }
      ]
    },
    {
      "mode": "data",
      "type": "template_file",
      "name": "user_data",
      "provider": "provider[\"registry.terraform.io/hashicorp/template\"]",
      "instances": [
        {
          "schema_version": 0,
          "attributes": {
            "filename": null,
            "id": "fe885fab24414189a2de14ead4432d3466e5e62ffefaa19f042f3504c5620743",
            "rendered": "#cloud-config\n# configuracion de usuarios\n#\nusers:\n  - name: terraform\n    gecos: terraform created user\n    sudo: ALL=(ALL) NOPASSWD:ALL\n    groups: users\n    ssh_import_id: None\n    lock_passwd: true\n    ssh_authorized_keys:\n      - ssh-rsa AAAAB3NzaC1yc2EAAAADAQABAAABAQDbV8HMtQ1D6qfn+pRINxB4x4QROfbxiS4TQNcffzvaID0baF/t951aRuvHaexy2QKKVb9u3RJSZfEuUvDJaFq2Oo5An8wWZqKvj6AC+yrBpD8D1M7E9uUuwqOfDwEu7pw7Otz+bUWD/x1mbJ4UUQ2fe+kFuiI/siILm7mAAAj7JfKDF3T6OdmHjzVKXHlWiuaLEXns0IkiogBrC4v83ziMt8nq6P3jbPDqI87UOi1Dkvi5vdI7maSBfBwE2vWJGSsnOovDu1kYQJOFje/AQx1sByve/36prBsW1zehfXl/3/tPJtQc8j7h+IaUg8ZRvDazncgirKuneQ6rvyXcfzDX jadebustos@beast.jadbp.lab\n\nruncmd:\n  - hostnamectl set-hostname docker.frontend.lab\n",
            "template": "#cloud-config\n# configuracion de usuarios\n#\nusers:\n  - name: terraform\n    gecos: terraform created user\n    sudo: ALL=(ALL) NOPASSWD:ALL\n    groups: users\n    ssh_import_id: None\n    lock_passwd: true\n    ssh_authorized_keys:\n      - ssh-rsa AAAAB3NzaC1yc2EAAAADAQABAAABAQDbV8HMtQ1D6qfn+pRINxB4x4QROfbxiS4TQNcffzvaID0baF/t951aRuvHaexy2QKKVb9u3RJSZfEuUvDJaFq2Oo5An8wWZqKvj6AC+yrBpD8D1M7E9uUuwqOfDwEu7pw7Otz+bUWD/x1mbJ4UUQ2fe+kFuiI/siILm7mAAAj7JfKDF3T6OdmHjzVKXHlWiuaLEXns0IkiogBrC4v83ziMt8nq6P3jbPDqI87UOi1Dkvi5vdI7maSBfBwE2vWJGSsnOovDu1kYQJOFje/AQx1sByve/36prBsW1zehfXl/3/tPJtQc8j7h+IaUg8ZRvDazncgirKuneQ6rvyXcfzDX jadebustos@beast.jadbp.lab\n\nruncmd:\n  - hostnamectl set-hostname docker.frontend.lab\n",
            "vars": null
          },
          "sensitive_attributes": []
        }
      ]
    },
    {
      "mode": "managed",
      "type": "libvirt_cloudinit_disk",
      "name": "commoninit",
      "provider": "provider[\"lab.org/beast/libvirt\"]",
      "instances": [
        {
          "schema_version": 0,
          "attributes": {
            "id": "/var/lib/libvirt/images/terraform/docker/commoninit.iso;60047ac6-c23e-226e-384f-f24db41bf0d7",
            "meta_data": "",
            "name": "commoninit.iso",
            "network_config": "#cloud-config\n# configuracion de red\nversion: 2\nethernets:\n  ens3:\n    dhcp4: false\n    dhcp6: false\n    addresses: [ 192.168.23.100/24 ] \n    gateway4: 192.168.23.1\n    nameservers:\n      addresses: [ 192.168.1.200 ]\n    search: [ 'frontend.lab' ]\n",
            "pool": "vmstorage",
            "user_data": "#cloud-config\n# configuracion de usuarios\n#\nusers:\n  - name: terraform\n    gecos: terraform created user\n    sudo: ALL=(ALL) NOPASSWD:ALL\n    groups: users\n    ssh_import_id: None\n    lock_passwd: true\n    ssh_authorized_keys:\n      - ssh-rsa AAAAB3NzaC1yc2EAAAADAQABAAABAQDbV8HMtQ1D6qfn+pRINxB4x4QROfbxiS4TQNcffzvaID0baF/t951aRuvHaexy2QKKVb9u3RJSZfEuUvDJaFq2Oo5An8wWZqKvj6AC+yrBpD8D1M7E9uUuwqOfDwEu7pw7Otz+bUWD/x1mbJ4UUQ2fe+kFuiI/siILm7mAAAj7JfKDF3T6OdmHjzVKXHlWiuaLEXns0IkiogBrC4v83ziMt8nq6P3jbPDqI87UOi1Dkvi5vdI7maSBfBwE2vWJGSsnOovDu1kYQJOFje/AQx1sByve/36prBsW1zehfXl/3/tPJtQc8j7h+IaUg8ZRvDazncgirKuneQ6rvyXcfzDX jadebustos@beast.jadbp.lab\n\nruncmd:\n  - hostnamectl set-hostname docker.frontend.lab\n"
          },
          "sensitive_attributes": [],
          "private": "bnVsbA==",
          "dependencies": [
            "data.template_file.network_data",
            "data.template_file.user_data",
            "libvirt_pool.vmstorage"
          ]
        }
      ]
    },
    {
      "mode": "managed",
      "type": "libvirt_domain",
      "name": "terraform-rhel",
      "provider": "provider[\"lab.org/beast/libvirt\"]",
      "instances": [
        {
          "schema_version": 0,
          "attributes": {
            "arch": "x86_64",
            "autostart": false,
            "boot_device": [],
            "cloudinit": "/var/lib/libvirt/images/terraform/docker/commoninit.iso;60047ac6-c23e-226e-384f-f24db41bf0d7",
            "cmdline": null,
            "console": [
              {
                "source_host": "127.0.0.1",
                "source_path": "",
                "source_service": "0",
                "target_port": "0",
                "target_type": "serial",
                "type": "pty"
              },
              {
                "source_host": "127.0.0.1",
                "source_path": "",
                "source_service": "0",
                "target_port": "1",
                "target_type": "virtio",
                "type": "pty"
              }
            ],
            "coreos_ignition": null,
            "cpu": null,
            "description": "",
            "disk": [
              {
                "block_device": "",
                "file": "",
                "scsi": false,
                "url": "",
                "volume_id": "/var/lib/libvirt/images/terraform/docker/centos8",
                "wwn": ""
              }
            ],
            "emulator": "/usr/bin/qemu-system-x86_64",
            "filesystem": [],
            "firmware": "",
            "fw_cfg_name": "opt/com.coreos/config",
            "graphics": [
              {
                "autoport": true,
                "listen_address": "127.0.0.1",
                "listen_type": "address",
                "type": "vnc"
              }
            ],
            "id": "5d119738-de00-472b-9a96-8473dbb3741c",
            "initrd": "",
            "kernel": "",
            "machine": "pc",
            "memory": 4096,
            "metadata": null,
            "name": "docker",
            "network_interface": [
              {
                "addresses": [],
                "bridge": "",
                "hostname": "",
                "mac": "52:54:00:A6:EE:29",
                "macvtap": "",
                "network_id": "4d9f1c02-a13b-4388-90c5-6e10966ad334",
                "network_name": "frontend",
                "passthrough": "",
                "vepa": "",
                "wait_for_lease": false
              }
            ],
            "nvram": [],
            "qemu_agent": false,
            "running": true,
            "timeouts": null,
            "vcpu": 2,
            "video": [],
            "xml": []
          },
          "sensitive_attributes": [],
          "private": "eyJlMmJmYjczMC1lY2FhLTExZTYtOGY4OC0zNDM2M2JjN2M0YzAiOnsiY3JlYXRlIjozMDAwMDAwMDAwMDB9fQ==",
          "dependencies": [
            "data.template_file.network_data",
            "data.template_file.user_data",
            "libvirt_cloudinit_disk.commoninit",
            "libvirt_pool.vmstorage",
            "libvirt_volume.centos8"
          ]
        }
      ]
    },
    {
      "mode": "managed",
      "type": "libvirt_pool",
      "name": "vmstorage",
      "provider": "provider[\"lab.org/beast/libvirt\"]",
      "instances": [
        {
          "schema_version": 0,
          "attributes": {
            "allocation": 233926471680,
            "available": null,
            "capacity": 536608768000,
            "id": "d693740b-385c-4751-b30d-adc0e5a35742",
            "name": "vmstorage",
            "path": "/var/lib/libvirt/images/terraform/docker",
            "type": "dir",
            "xml": []
          },
          "sensitive_attributes": [],
          "private": "bnVsbA=="
        }
      ]
    },
    {
      "mode": "managed",
      "type": "libvirt_volume",
      "name": "centos8",
      "provider": "provider[\"lab.org/beast/libvirt\"]",
      "instances": [
        {
          "schema_version": 0,
          "attributes": {
            "base_volume_id": null,
            "base_volume_name": null,
            "base_volume_pool": null,
            "format": "qcow2",
            "id": "/var/lib/libvirt/images/terraform/docker/centos8",
            "name": "centos8",
            "pool": "vmstorage",
            "size": 21474836480,
            "source": "/var/lib/libvirt/images/centos8-python36-cloud_init-updated-20210117.qcow2",
            "xml": []
          },
          "sensitive_attributes": [],
          "private": "bnVsbA==",
          "dependencies": [
            "libvirt_pool.vmstorage"
          ]
        }
      ]
    }
  ]
}
